
Microsoft Visual Studio Solution File, Format Version 12.00
# Visual Studio for Mac
Project("{FAE04EC0-301F-11D3-BF4B-00C04F79EFBC}") = "Assembly-CSharp", "Assembly-CSharp.csproj", "{7819D661-1F02-4520-5689-1EFD34742B07}"
EndProject
Global
	GlobalSection(SolutionConfigurationPlatforms) = preSolution
		Debug|Any CPU = Debug|Any CPU
		Release|Any CPU = Release|Any CPU
	EndGlobalSection
	GlobalSection(ProjectConfigurationPlatforms) = postSolution
		{7819D661-1F02-4520-5689-1EFD34742B07}.Debug|Any CPU.ActiveCfg = Debug|Any CPU
		{7819D661-1F02-4520-5689-1EFD34742B07}.Debug|Any CPU.Build.0 = Debug|Any CPU
		{7819D661-1F02-4520-5689-1EFD34742B07}.Release|Any CPU.ActiveCfg = Release|Any CPU
		{7819D661-1F02-4520-5689-1EFD34742B07}.Release|Any CPU.Build.0 = Release|Any CPU
	EndGlobalSection
	GlobalSection(SolutionProperties) = preSolution
		HideSolutionNode = FALSE
	EndGlobalSection
EndGlobal
