
Microsoft Visual Studio Solution File, Format Version 12.00
# Visual Studio for Mac
Project("{FAE04EC0-301F-11D3-BF4B-00C04F79EFBC}") = "Assembly-CSharp", "Assembly-CSharp.csproj", "{EBEE8559-A8AD-C40F-47F5-EE74A8D6EDAE}"
EndProject
Global
	GlobalSection(SolutionConfigurationPlatforms) = preSolution
		Debug|Any CPU = Debug|Any CPU
		Release|Any CPU = Release|Any CPU
	EndGlobalSection
	GlobalSection(ProjectConfigurationPlatforms) = postSolution
		{EBEE8559-A8AD-C40F-47F5-EE74A8D6EDAE}.Debug|Any CPU.ActiveCfg = Debug|Any CPU
		{EBEE8559-A8AD-C40F-47F5-EE74A8D6EDAE}.Debug|Any CPU.Build.0 = Debug|Any CPU
		{EBEE8559-A8AD-C40F-47F5-EE74A8D6EDAE}.Release|Any CPU.ActiveCfg = Release|Any CPU
		{EBEE8559-A8AD-C40F-47F5-EE74A8D6EDAE}.Release|Any CPU.Build.0 = Release|Any CPU
	EndGlobalSection
	GlobalSection(SolutionProperties) = preSolution
		HideSolutionNode = FALSE
	EndGlobalSection
EndGlobal
