
Microsoft Visual Studio Solution File, Format Version 12.00
# Visual Studio for Mac
Project("{FAE04EC0-301F-11D3-BF4B-00C04F79EFBC}") = "Assembly-CSharp", "Assembly-CSharp.csproj", "{6900EC08-F2C6-54C0-1302-4AEE1AC9E41E}"
EndProject
Global
	GlobalSection(SolutionConfigurationPlatforms) = preSolution
		Debug|Any CPU = Debug|Any CPU
		Release|Any CPU = Release|Any CPU
	EndGlobalSection
	GlobalSection(ProjectConfigurationPlatforms) = postSolution
		{6900EC08-F2C6-54C0-1302-4AEE1AC9E41E}.Debug|Any CPU.ActiveCfg = Debug|Any CPU
		{6900EC08-F2C6-54C0-1302-4AEE1AC9E41E}.Debug|Any CPU.Build.0 = Debug|Any CPU
		{6900EC08-F2C6-54C0-1302-4AEE1AC9E41E}.Release|Any CPU.ActiveCfg = Release|Any CPU
		{6900EC08-F2C6-54C0-1302-4AEE1AC9E41E}.Release|Any CPU.Build.0 = Release|Any CPU
	EndGlobalSection
	GlobalSection(SolutionProperties) = preSolution
		HideSolutionNode = FALSE
	EndGlobalSection
EndGlobal
